PODS:
  - FoundationSwagger (0.2.13)
  - TestSwagger (0.1.4):
    - FoundationSwagger

DEPENDENCIES:
  - TestSwagger

SPEC CHECKSUMS:
  FoundationSwagger: 7cbf965cfeab4b8064b4913369b9ec4d991793a3
  TestSwagger: f4ab6efda23b34f41c47e9da0c57f584ce426d1e

PODFILE CHECKSUM: 0dc4ac6b895cdc2c826b53de783c1d4f358d810b

COCOAPODS: 1.2.0
