PODS:
  - FoundationSwagger (0.2.13)
  - TestSwagger (0.1.5):
    - FoundationSwagger

DEPENDENCIES:
  - TestSwagger

SPEC CHECKSUMS:
  FoundationSwagger: 7cbf965cfeab4b8064b4913369b9ec4d991793a3
  TestSwagger: 2a6ef3a750e269d2d7a256877995796e54d499b6

PODFILE CHECKSUM: f40cf926c274c82a48e58f272afcc142608769a3

COCOAPODS: 1.2.0
