PODS:
  - FoundationSwagger (0.2.13)
  - TestSwagger (0.1.3):
    - FoundationSwagger

DEPENDENCIES:
  - TestSwagger

SPEC CHECKSUMS:
  FoundationSwagger: 7cbf965cfeab4b8064b4913369b9ec4d991793a3
  TestSwagger: eee17581a6a284d9710f5586f70c0eeced3ddc8a

PODFILE CHECKSUM: 0dc4ac6b895cdc2c826b53de783c1d4f358d810b

COCOAPODS: 1.2.0
