// !$*UTF8*$!
{
	archiveVersion = 1;
	classes = {
	};
	objectVersion = 46;
	objects = {

/* Begin PBXBuildFile section */
		0A261ED81B5829700070EDFE /* UICollectionViewCallsTests.swift in Sources */ = {isa = PBXBuildFile; fileRef = 0A5E63F61A491CE400F3A0A4 /* UICollectionViewCallsTests.swift */; };
		0A261ED91B5829700070EDFE /* UINavigationBarCallsTests.swift in Sources */ = {isa = PBXBuildFile; fileRef = 0AD4E7291A4A135B0091747D /* UINavigationBarCallsTests.swift */; };
		0A261EDA1B5829700070EDFE /* UINavigationControllerCallsTests.swift in Sources */ = {isa = PBXBuildFile; fileRef = 0A459F1A1A494BA1005DDCFB /* UINavigationControllerCallsTests.swift */; };
		0A261EDB1B5829700070EDFE /* UIPageViewControllerCallsTests.swift in Sources */ = {isa = PBXBuildFile; fileRef = 0AF08E8F1A49F31100FF48D7 /* UIPageViewControllerCallsTests.swift */; };
		0A261EDD1B5829700070EDFE /* UITabBarControllerCallsTests.swift in Sources */ = {isa = PBXBuildFile; fileRef = 0AF08E4F1A49EAFC00FF48D7 /* UITabBarControllerCallsTests.swift */; };
		0A261EDE1B5829700070EDFE /* UITableViewCallsTests.swift in Sources */ = {isa = PBXBuildFile; fileRef = 0A5E63E91A48F36D00F3A0A4 /* UITableViewCallsTests.swift */; };
		0A261EE11B5829700070EDFE /* UIViewControllerCallsTests.swift in Sources */ = {isa = PBXBuildFile; fileRef = 0AF379C31A465D43004606F6 /* UIViewControllerCallsTests.swift */; };
		0A261EE21B5829700070EDFE /* UIViewControllerSuperCallsTests.swift in Sources */ = {isa = PBXBuildFile; fileRef = 0AF379731A452054004606F6 /* UIViewControllerSuperCallsTests.swift */; };
		0AD4E72E1A4A15B70091747D /* UINavigationBar.swift in Sources */ = {isa = PBXBuildFile; fileRef = 0AD4E72C1A4A15B70091747D /* UINavigationBar.swift */; };
		0AD4E7301A4A15B70091747D /* UINavigationBarCalls.swift in Sources */ = {isa = PBXBuildFile; fileRef = 0AD4E72D1A4A15B70091747D /* UINavigationBarCalls.swift */; };
		0A261ED71B5829700070EDFE /* MethodForwardingListTests.swift in Sources */ = {isa = PBXBuildFile; fileRef = 0A6128AD1A476D4C00B69BBC /* MethodForwardingListTests.swift */; };
		0A312C8A1DE3F33B007A2B76 /* Spy.swift in Sources */ = {isa = PBXBuildFile; fileRef = 0A312C891DE3F33B007A2B76 /* Spy.swift */; };
		0A312C8B1DE4184C007A2B76 /* UIViewSpyTests.swift in Sources */ = {isa = PBXBuildFile; fileRef = 0A363CF21A468CCE00DD9995 /* UIViewSpyTests.swift */; };
		0A312C8D1DE4197C007A2B76 /* UIViewSpy.swift in Sources */ = {isa = PBXBuildFile; fileRef = 0A312C8C1DE4197C007A2B76 /* UIViewSpy.swift */; };
		0A312C8F1DE41A3B007A2B76 /* UIResponderEvidence.swift in Sources */ = {isa = PBXBuildFile; fileRef = 0A312C8E1DE41A3B007A2B76 /* UIResponderEvidence.swift */; };
		0A312C901DE50B95007A2B76 /* UIViewEvidence.swift in Sources */ = {isa = PBXBuildFile; fileRef = 0AF08E621A49F1BD00FF48D7 /* UIViewEvidence.swift */; };
		0A363CFC1A46961700DD9995 /* MethodCallForwarding.swift in Sources */ = {isa = PBXBuildFile; fileRef = 0A363CFB1A46961700DD9995 /* MethodCallForwarding.swift */; };
		0A589AF41DEA73C0002CFD80 /* UIWindowSpyTests.swift in Sources */ = {isa = PBXBuildFile; fileRef = 0AD4E71F1A4A10290091747D /* UIWindowSpyTests.swift */; };
		0A589AF61DEA7442002CFD80 /* UIWindowEvidence.swift in Sources */ = {isa = PBXBuildFile; fileRef = 0A589AF51DEA7442002CFD80 /* UIWindowEvidence.swift */; };
		0A589AF81DEA744B002CFD80 /* UIWindowSpy.swift in Sources */ = {isa = PBXBuildFile; fileRef = 0A589AF71DEA744B002CFD80 /* UIWindowSpy.swift */; };
		0A589AF91DEA84F6002CFD80 /* UIToolbarSpyTests.swift in Sources */ = {isa = PBXBuildFile; fileRef = 0AD4E7321A4A1AC90091747D /* UIToolbarSpyTests.swift */; };
		0A589AFA1DEA8C74002CFD80 /* UIToolbarSpy.swift in Sources */ = {isa = PBXBuildFile; fileRef = 0AD4E7371A4A1B5E0091747D /* UIToolbarSpy.swift */; };
		0A589AFB1DEA8D1F002CFD80 /* UIToolbarEvidence.swift in Sources */ = {isa = PBXBuildFile; fileRef = 0AD4E7361A4A1B5E0091747D /* UIToolbarEvidence.swift */; };
		0AA16CF91DE66D82007E3F2E /* UIWebViewSpyTests.swift in Sources */ = {isa = PBXBuildFile; fileRef = 0AD4E7161A4A04950091747D /* UIWebViewSpyTests.swift */; };
		0AA16CFB1DE66DF5007E3F2E /* UIWebViewEvidence.swift in Sources */ = {isa = PBXBuildFile; fileRef = 0AA16CFA1DE66DF5007E3F2E /* UIWebViewEvidence.swift */; };
		0AA16CFD1DE66E08007E3F2E /* UIWebViewSpy.swift in Sources */ = {isa = PBXBuildFile; fileRef = 0AA16CFC1DE66E08007E3F2E /* UIWebViewSpy.swift */; };
		0AA16CFF1DE7C59A007E3F2E /* UIWebViewMethodAssociations.swift in Sources */ = {isa = PBXBuildFile; fileRef = 0AA16CFE1DE7C59A007E3F2E /* UIWebViewMethodAssociations.swift */; };
		0AA16D011DE8F17C007E3F2E /* ComplexObjectAssociationKey.swift in Sources */ = {isa = PBXBuildFile; fileRef = 0AA16D001DE8F17C007E3F2E /* ComplexObjectAssociationKey.swift */; };
		0AA16D031DE8F9CE007E3F2E /* DataFileAssociationsTests.swift in Sources */ = {isa = PBXBuildFile; fileRef = 0AA16D021DE8F9CE007E3F2E /* DataFileAssociationsTests.swift */; };
		0AA16D051DEA5A18007E3F2E /* UIWebViewSpyCaptureKeys.swift in Sources */ = {isa = PBXBuildFile; fileRef = 0AA16D041DEA5A18007E3F2E /* UIWebViewSpyCaptureKeys.swift */; };
		0ABD48BE1DE03EDF005DD470 /* CustomForwardingObject.swift in Sources */ = {isa = PBXBuildFile; fileRef = 0ABD48BD1DE03EDF005DD470 /* CustomForwardingObject.swift */; };
		0ABD48BF1DE1170E005DD470 /* UIResponderSpyTests.swift in Sources */ = {isa = PBXBuildFile; fileRef = 0AF08E4C1A49E9BA00FF48D7 /* UIResponderSpyTests.swift */; };
		0ABD48C11DE11B2D005DD470 /* UIResponderSpy.swift in Sources */ = {isa = PBXBuildFile; fileRef = 0AF08E5A1A49F1BD00FF48D7 /* UIResponderSpy.swift */; };
		0ABD48C71DE120F5005DD470 /* ApplicationHelpers.swift in Sources */ = {isa = PBXBuildFile; fileRef = 0ABD48C61DE120F5005DD470 /* ApplicationHelpers.swift */; };
		0ABD48CB1DE15EEA005DD470 /* SpyTestCase.swift in Sources */ = {isa = PBXBuildFile; fileRef = 0ABD48CA1DE15EEA005DD470 /* SpyTestCase.swift */; };
		0AE2CBE81DDC15B0001ABEE3 /* SampleTypes.h in Headers */ = {isa = PBXBuildFile; fileRef = 0AE2CBE61DDC15B0001ABEE3 /* SampleTypes.h */; settings = {ATTRIBUTES = (Public, ); }; };
		0AE2CBF61DDC1632001ABEE3 /* BadViewController.swift in Sources */ = {isa = PBXBuildFile; fileRef = 0AE2CBED1DDC1632001ABEE3 /* BadViewController.swift */; };
		0AE2CBF71DDC1632001ABEE3 /* EmptyViewController.swift in Sources */ = {isa = PBXBuildFile; fileRef = 0AE2CBEE1DDC1632001ABEE3 /* EmptyViewController.swift */; };
		0AE2CBF81DDC1632001ABEE3 /* GoodViewController.swift in Sources */ = {isa = PBXBuildFile; fileRef = 0AE2CBEF1DDC1632001ABEE3 /* GoodViewController.swift */; };
		0AE2CBF91DDC1632001ABEE3 /* GoodViewControllerSubclass.swift in Sources */ = {isa = PBXBuildFile; fileRef = 0AE2CBF01DDC1632001ABEE3 /* GoodViewControllerSubclass.swift */; };
		0AE2CBFA1DDC1632001ABEE3 /* BadView.swift in Sources */ = {isa = PBXBuildFile; fileRef = 0AE2CBF21DDC1632001ABEE3 /* BadView.swift */; };
		0AE2CBFB1DDC1632001ABEE3 /* EmptyView.swift in Sources */ = {isa = PBXBuildFile; fileRef = 0AE2CBF31DDC1632001ABEE3 /* EmptyView.swift */; };
		0AE2CBFC1DDC1632001ABEE3 /* GoodView.swift in Sources */ = {isa = PBXBuildFile; fileRef = 0AE2CBF41DDC1632001ABEE3 /* GoodView.swift */; };
		0AE2CBFD1DDC1632001ABEE3 /* GoodViewSubclass.swift in Sources */ = {isa = PBXBuildFile; fileRef = 0AE2CBF51DDC1632001ABEE3 /* GoodViewSubclass.swift */; };
		0AF08E731A49F1BD00FF48D7 /* UICollectionView.swift in Sources */ = {isa = PBXBuildFile; fileRef = 0AF08E5D1A49F1BD00FF48D7 /* UICollectionView.swift */; };
		0AF08E751A49F1BD00FF48D7 /* UICollectionViewCalls.swift in Sources */ = {isa = PBXBuildFile; fileRef = 0AF08E5E1A49F1BD00FF48D7 /* UICollectionViewCalls.swift */; };
		0AF08E771A49F1BD00FF48D7 /* UITableView.swift in Sources */ = {isa = PBXBuildFile; fileRef = 0AF08E601A49F1BD00FF48D7 /* UITableView.swift */; };
		0AF08E791A49F1BD00FF48D7 /* UITableViewCalls.swift in Sources */ = {isa = PBXBuildFile; fileRef = 0AF08E611A49F1BD00FF48D7 /* UITableViewCalls.swift */; };
		0AF08E811A49F1BD00FF48D7 /* UINavigationController.swift in Sources */ = {isa = PBXBuildFile; fileRef = 0AF08E671A49F1BD00FF48D7 /* UINavigationController.swift */; };
		0AF08E831A49F1BD00FF48D7 /* UINavigationControllerCalls.swift in Sources */ = {isa = PBXBuildFile; fileRef = 0AF08E681A49F1BD00FF48D7 /* UINavigationControllerCalls.swift */; };
		0AF08E851A49F1BD00FF48D7 /* UITabBarController.swift in Sources */ = {isa = PBXBuildFile; fileRef = 0AF08E6A1A49F1BD00FF48D7 /* UITabBarController.swift */; };
		0AF08E871A49F1BD00FF48D7 /* UITabBarControllerCalls.swift in Sources */ = {isa = PBXBuildFile; fileRef = 0AF08E6B1A49F1BD00FF48D7 /* UITabBarControllerCalls.swift */; };
		0AF08E891A49F1BD00FF48D7 /* UIViewController.swift in Sources */ = {isa = PBXBuildFile; fileRef = 0AF08E6C1A49F1BD00FF48D7 /* UIViewController.swift */; };
		0AF08E8B1A49F1BD00FF48D7 /* UIViewControllerCalls.swift in Sources */ = {isa = PBXBuildFile; fileRef = 0AF08E6D1A49F1BD00FF48D7 /* UIViewControllerCalls.swift */; };
		0AF08E8D1A49F1BD00FF48D7 /* UIViewControllerSuperCalls.swift in Sources */ = {isa = PBXBuildFile; fileRef = 0AF08E6E1A49F1BD00FF48D7 /* UIViewControllerSuperCalls.swift */; };
		0AF08E941A49F47500FF48D7 /* UIPageViewController.swift in Sources */ = {isa = PBXBuildFile; fileRef = 0AF08E921A49F47500FF48D7 /* UIPageViewController.swift */; };
		0AF08E961A49F47500FF48D7 /* UIPageViewControllerCalls.swift in Sources */ = {isa = PBXBuildFile; fileRef = 0AF08E931A49F47500FF48D7 /* UIPageViewControllerCalls.swift */; };
		0AF3795C1A451FC7004606F6 /* TestableUIKit.h in Headers */ = {isa = PBXBuildFile; fileRef = 0AF3795B1A451FC7004606F6 /* TestableUIKit.h */; settings = {ATTRIBUTES = (Public, ); }; };
		0AF379851A452579004606F6 /* AppDelegate.swift in Sources */ = {isa = PBXBuildFile; fileRef = 0AF379841A452579004606F6 /* AppDelegate.swift */; };
		0AF3798A1A452579004606F6 /* Main.storyboard in Resources */ = {isa = PBXBuildFile; fileRef = 0AF379881A452579004606F6 /* Main.storyboard */; };
		0AF3798C1A452579004606F6 /* Images.xcassets in Resources */ = {isa = PBXBuildFile; fileRef = 0AF3798B1A452579004606F6 /* Images.xcassets */; };
		0AF3798F1A45257A004606F6 /* LaunchScreen.xib in Resources */ = {isa = PBXBuildFile; fileRef = 0AF3798D1A452579004606F6 /* LaunchScreen.xib */; };
		A9A6D390852B780CE9B236EF /* Pods_TestableUIKitTests.framework in Frameworks */ = {isa = PBXBuildFile; fileRef = 674D998DDCADBBFF32497E14 /* Pods_TestableUIKitTests.framework */; };
		F55AC76AD021DE72B1042AF6 /* Pods_TestableUIKit.framework in Frameworks */ = {isa = PBXBuildFile; fileRef = 8CDB419DB044409FB33AAC88 /* Pods_TestableUIKit.framework */; };
/* End PBXBuildFile section */

/* Begin PBXContainerItemProxy section */
		0A9027E71DDC2F2100E5ED3A /* PBXContainerItemProxy */ = {
			isa = PBXContainerItemProxy;
			containerPortal = 0AF3794D1A451FC7004606F6 /* Project object */;
			proxyType = 1;
			remoteGlobalIDString = 0AE2CBE31DDC15B0001ABEE3;
			remoteInfo = SampleTypes;
		};
		0AE2CBFF1DDC16CB001ABEE3 /* PBXContainerItemProxy */ = {
			isa = PBXContainerItemProxy;
			containerPortal = 0AF3794D1A451FC7004606F6 /* Project object */;
			proxyType = 1;
			remoteGlobalIDString = 0AE2CBE31DDC15B0001ABEE3;
			remoteInfo = SampleTypes;
		};
		0AF379631A451FC7004606F6 /* PBXContainerItemProxy */ = {
			isa = PBXContainerItemProxy;
			containerPortal = 0AF3794D1A451FC7004606F6 /* Project object */;
			proxyType = 1;
			remoteGlobalIDString = 0AF379551A451FC7004606F6;
			remoteInfo = TestableUIKit;
		};
		0AF379A41A45288D004606F6 /* PBXContainerItemProxy */ = {
			isa = PBXContainerItemProxy;
			containerPortal = 0AF3794D1A451FC7004606F6 /* Project object */;
			proxyType = 1;
			remoteGlobalIDString = 0AF3797F1A452579004606F6;
			remoteInfo = TestableApplication;
		};
/* End PBXContainerItemProxy section */

/* Begin PBXFileReference section */
		0A312C891DE3F33B007A2B76 /* Spy.swift */ = {isa = PBXFileReference; fileEncoding = 4; lastKnownFileType = sourcecode.swift; path = Spy.swift; sourceTree = "<group>"; };
		0A312C8C1DE4197C007A2B76 /* UIViewSpy.swift */ = {isa = PBXFileReference; fileEncoding = 4; lastKnownFileType = sourcecode.swift; path = UIViewSpy.swift; sourceTree = "<group>"; };
		0A312C8E1DE41A3B007A2B76 /* UIResponderEvidence.swift */ = {isa = PBXFileReference; fileEncoding = 4; lastKnownFileType = sourcecode.swift; path = UIResponderEvidence.swift; sourceTree = "<group>"; };
		0A363CF21A468CCE00DD9995 /* UIViewSpyTests.swift */ = {isa = PBXFileReference; fileEncoding = 4; lastKnownFileType = sourcecode.swift; path = UIViewSpyTests.swift; sourceTree = "<group>"; };
		0A363CFB1A46961700DD9995 /* MethodCallForwarding.swift */ = {isa = PBXFileReference; fileEncoding = 4; lastKnownFileType = sourcecode.swift; path = MethodCallForwarding.swift; sourceTree = "<group>"; };
		0A459F1A1A494BA1005DDCFB /* UINavigationControllerCallsTests.swift */ = {isa = PBXFileReference; fileEncoding = 4; lastKnownFileType = sourcecode.swift; path = UINavigationControllerCallsTests.swift; sourceTree = "<group>"; };
		0A589AF51DEA7442002CFD80 /* UIWindowEvidence.swift */ = {isa = PBXFileReference; fileEncoding = 4; lastKnownFileType = sourcecode.swift; path = UIWindowEvidence.swift; sourceTree = "<group>"; };
		0A589AF71DEA744B002CFD80 /* UIWindowSpy.swift */ = {isa = PBXFileReference; fileEncoding = 4; lastKnownFileType = sourcecode.swift; path = UIWindowSpy.swift; sourceTree = "<group>"; };
		0A5E63E91A48F36D00F3A0A4 /* UITableViewCallsTests.swift */ = {isa = PBXFileReference; fileEncoding = 4; lastKnownFileType = sourcecode.swift; path = UITableViewCallsTests.swift; sourceTree = "<group>"; };
		0A5E63F61A491CE400F3A0A4 /* UICollectionViewCallsTests.swift */ = {isa = PBXFileReference; fileEncoding = 4; lastKnownFileType = sourcecode.swift; path = UICollectionViewCallsTests.swift; sourceTree = "<group>"; };
		0A6128AD1A476D4C00B69BBC /* MethodForwardingListTests.swift */ = {isa = PBXFileReference; fileEncoding = 4; lastKnownFileType = sourcecode.swift; path = MethodForwardingListTests.swift; sourceTree = "<group>"; };
		0AA16CFA1DE66DF5007E3F2E /* UIWebViewEvidence.swift */ = {isa = PBXFileReference; fileEncoding = 4; lastKnownFileType = sourcecode.swift; path = UIWebViewEvidence.swift; sourceTree = "<group>"; };
		0AA16CFC1DE66E08007E3F2E /* UIWebViewSpy.swift */ = {isa = PBXFileReference; fileEncoding = 4; lastKnownFileType = sourcecode.swift; path = UIWebViewSpy.swift; sourceTree = "<group>"; };
		0AA16CFE1DE7C59A007E3F2E /* UIWebViewMethodAssociations.swift */ = {isa = PBXFileReference; fileEncoding = 4; lastKnownFileType = sourcecode.swift; path = UIWebViewMethodAssociations.swift; sourceTree = "<group>"; };
		0AA16D001DE8F17C007E3F2E /* ComplexObjectAssociationKey.swift */ = {isa = PBXFileReference; fileEncoding = 4; lastKnownFileType = sourcecode.swift; path = ComplexObjectAssociationKey.swift; sourceTree = "<group>"; };
		0AA16D021DE8F9CE007E3F2E /* DataFileAssociationsTests.swift */ = {isa = PBXFileReference; fileEncoding = 4; lastKnownFileType = sourcecode.swift; path = DataFileAssociationsTests.swift; sourceTree = "<group>"; };
		0AA16D041DEA5A18007E3F2E /* UIWebViewSpyCaptureKeys.swift */ = {isa = PBXFileReference; fileEncoding = 4; lastKnownFileType = sourcecode.swift; path = UIWebViewSpyCaptureKeys.swift; sourceTree = "<group>"; };
		0ABD48BD1DE03EDF005DD470 /* CustomForwardingObject.swift */ = {isa = PBXFileReference; fileEncoding = 4; lastKnownFileType = sourcecode.swift; path = CustomForwardingObject.swift; sourceTree = "<group>"; };
		0ABD48C61DE120F5005DD470 /* ApplicationHelpers.swift */ = {isa = PBXFileReference; fileEncoding = 4; lastKnownFileType = sourcecode.swift; path = ApplicationHelpers.swift; sourceTree = "<group>"; };
		0ABD48CA1DE15EEA005DD470 /* SpyTestCase.swift */ = {isa = PBXFileReference; fileEncoding = 4; lastKnownFileType = sourcecode.swift; path = SpyTestCase.swift; sourceTree = "<group>"; };
		0AD4E7161A4A04950091747D /* UIWebViewSpyTests.swift */ = {isa = PBXFileReference; fileEncoding = 4; lastKnownFileType = sourcecode.swift; path = UIWebViewSpyTests.swift; sourceTree = "<group>"; };
		0AD4E71F1A4A10290091747D /* UIWindowSpyTests.swift */ = {isa = PBXFileReference; fileEncoding = 4; lastKnownFileType = sourcecode.swift; path = UIWindowSpyTests.swift; sourceTree = "<group>"; };
		0AD4E7291A4A135B0091747D /* UINavigationBarCallsTests.swift */ = {isa = PBXFileReference; fileEncoding = 4; lastKnownFileType = sourcecode.swift; path = UINavigationBarCallsTests.swift; sourceTree = "<group>"; };
		0AD4E72C1A4A15B70091747D /* UINavigationBar.swift */ = {isa = PBXFileReference; fileEncoding = 4; lastKnownFileType = sourcecode.swift; path = UINavigationBar.swift; sourceTree = "<group>"; };
		0AD4E72D1A4A15B70091747D /* UINavigationBarCalls.swift */ = {isa = PBXFileReference; fileEncoding = 4; lastKnownFileType = sourcecode.swift; path = UINavigationBarCalls.swift; sourceTree = "<group>"; };
		0AD4E7321A4A1AC90091747D /* UIToolbarSpyTests.swift */ = {isa = PBXFileReference; fileEncoding = 4; lastKnownFileType = sourcecode.swift; path = UIToolbarSpyTests.swift; sourceTree = "<group>"; };
		0AD4E7361A4A1B5E0091747D /* UIToolbarEvidence.swift */ = {isa = PBXFileReference; fileEncoding = 4; lastKnownFileType = sourcecode.swift; path = UIToolbarEvidence.swift; sourceTree = "<group>"; };
		0AD4E7371A4A1B5E0091747D /* UIToolbarSpy.swift */ = {isa = PBXFileReference; fileEncoding = 4; lastKnownFileType = sourcecode.swift; path = UIToolbarSpy.swift; sourceTree = "<group>"; };
		0AE2CBE41DDC15B0001ABEE3 /* SampleTypes.framework */ = {isa = PBXFileReference; explicitFileType = wrapper.framework; includeInIndex = 0; path = SampleTypes.framework; sourceTree = BUILT_PRODUCTS_DIR; };
		0AE2CBE61DDC15B0001ABEE3 /* SampleTypes.h */ = {isa = PBXFileReference; lastKnownFileType = sourcecode.c.h; path = SampleTypes.h; sourceTree = "<group>"; };
		0AE2CBE71DDC15B0001ABEE3 /* Info.plist */ = {isa = PBXFileReference; lastKnownFileType = text.plist.xml; path = Info.plist; sourceTree = "<group>"; };
		0AE2CBED1DDC1632001ABEE3 /* BadViewController.swift */ = {isa = PBXFileReference; fileEncoding = 4; lastKnownFileType = sourcecode.swift; path = BadViewController.swift; sourceTree = "<group>"; };
		0AE2CBEE1DDC1632001ABEE3 /* EmptyViewController.swift */ = {isa = PBXFileReference; fileEncoding = 4; lastKnownFileType = sourcecode.swift; path = EmptyViewController.swift; sourceTree = "<group>"; };
		0AE2CBEF1DDC1632001ABEE3 /* GoodViewController.swift */ = {isa = PBXFileReference; fileEncoding = 4; lastKnownFileType = sourcecode.swift; path = GoodViewController.swift; sourceTree = "<group>"; };
		0AE2CBF01DDC1632001ABEE3 /* GoodViewControllerSubclass.swift */ = {isa = PBXFileReference; fileEncoding = 4; lastKnownFileType = sourcecode.swift; path = GoodViewControllerSubclass.swift; sourceTree = "<group>"; };
		0AE2CBF21DDC1632001ABEE3 /* BadView.swift */ = {isa = PBXFileReference; fileEncoding = 4; lastKnownFileType = sourcecode.swift; path = BadView.swift; sourceTree = "<group>"; };
		0AE2CBF31DDC1632001ABEE3 /* EmptyView.swift */ = {isa = PBXFileReference; fileEncoding = 4; lastKnownFileType = sourcecode.swift; path = EmptyView.swift; sourceTree = "<group>"; };
		0AE2CBF41DDC1632001ABEE3 /* GoodView.swift */ = {isa = PBXFileReference; fileEncoding = 4; lastKnownFileType = sourcecode.swift; path = GoodView.swift; sourceTree = "<group>"; };
		0AE2CBF51DDC1632001ABEE3 /* GoodViewSubclass.swift */ = {isa = PBXFileReference; fileEncoding = 4; lastKnownFileType = sourcecode.swift; path = GoodViewSubclass.swift; sourceTree = "<group>"; };
		0AF08E4C1A49E9BA00FF48D7 /* UIResponderSpyTests.swift */ = {isa = PBXFileReference; fileEncoding = 4; lastKnownFileType = sourcecode.swift; path = UIResponderSpyTests.swift; sourceTree = "<group>"; };
		0AF08E4F1A49EAFC00FF48D7 /* UITabBarControllerCallsTests.swift */ = {isa = PBXFileReference; fileEncoding = 4; lastKnownFileType = sourcecode.swift; path = UITabBarControllerCallsTests.swift; sourceTree = "<group>"; };
		0AF08E5A1A49F1BD00FF48D7 /* UIResponderSpy.swift */ = {isa = PBXFileReference; fileEncoding = 4; lastKnownFileType = sourcecode.swift; path = UIResponderSpy.swift; sourceTree = "<group>"; };
		0AF08E5D1A49F1BD00FF48D7 /* UICollectionView.swift */ = {isa = PBXFileReference; fileEncoding = 4; lastKnownFileType = sourcecode.swift; path = UICollectionView.swift; sourceTree = "<group>"; };
		0AF08E5E1A49F1BD00FF48D7 /* UICollectionViewCalls.swift */ = {isa = PBXFileReference; fileEncoding = 4; lastKnownFileType = sourcecode.swift; path = UICollectionViewCalls.swift; sourceTree = "<group>"; };
		0AF08E601A49F1BD00FF48D7 /* UITableView.swift */ = {isa = PBXFileReference; fileEncoding = 4; lastKnownFileType = sourcecode.swift; path = UITableView.swift; sourceTree = "<group>"; };
		0AF08E611A49F1BD00FF48D7 /* UITableViewCalls.swift */ = {isa = PBXFileReference; fileEncoding = 4; lastKnownFileType = sourcecode.swift; path = UITableViewCalls.swift; sourceTree = "<group>"; };
		0AF08E621A49F1BD00FF48D7 /* UIViewEvidence.swift */ = {isa = PBXFileReference; fileEncoding = 4; lastKnownFileType = sourcecode.swift; path = UIViewEvidence.swift; sourceTree = "<group>"; };
		0AF08E671A49F1BD00FF48D7 /* UINavigationController.swift */ = {isa = PBXFileReference; fileEncoding = 4; lastKnownFileType = sourcecode.swift; path = UINavigationController.swift; sourceTree = "<group>"; };
		0AF08E681A49F1BD00FF48D7 /* UINavigationControllerCalls.swift */ = {isa = PBXFileReference; fileEncoding = 4; lastKnownFileType = sourcecode.swift; path = UINavigationControllerCalls.swift; sourceTree = "<group>"; };
		0AF08E6A1A49F1BD00FF48D7 /* UITabBarController.swift */ = {isa = PBXFileReference; fileEncoding = 4; lastKnownFileType = sourcecode.swift; path = UITabBarController.swift; sourceTree = "<group>"; };
		0AF08E6B1A49F1BD00FF48D7 /* UITabBarControllerCalls.swift */ = {isa = PBXFileReference; fileEncoding = 4; lastKnownFileType = sourcecode.swift; path = UITabBarControllerCalls.swift; sourceTree = "<group>"; };
		0AF08E6C1A49F1BD00FF48D7 /* UIViewController.swift */ = {isa = PBXFileReference; fileEncoding = 4; lastKnownFileType = sourcecode.swift; path = UIViewController.swift; sourceTree = "<group>"; };
		0AF08E6D1A49F1BD00FF48D7 /* UIViewControllerCalls.swift */ = {isa = PBXFileReference; fileEncoding = 4; lastKnownFileType = sourcecode.swift; path = UIViewControllerCalls.swift; sourceTree = "<group>"; };
		0AF08E6E1A49F1BD00FF48D7 /* UIViewControllerSuperCalls.swift */ = {isa = PBXFileReference; fileEncoding = 4; lastKnownFileType = sourcecode.swift; path = UIViewControllerSuperCalls.swift; sourceTree = "<group>"; };
		0AF08E8F1A49F31100FF48D7 /* UIPageViewControllerCallsTests.swift */ = {isa = PBXFileReference; fileEncoding = 4; lastKnownFileType = sourcecode.swift; path = UIPageViewControllerCallsTests.swift; sourceTree = "<group>"; };
		0AF08E921A49F47500FF48D7 /* UIPageViewController.swift */ = {isa = PBXFileReference; fileEncoding = 4; lastKnownFileType = sourcecode.swift; path = UIPageViewController.swift; sourceTree = "<group>"; };
		0AF08E931A49F47500FF48D7 /* UIPageViewControllerCalls.swift */ = {isa = PBXFileReference; fileEncoding = 4; lastKnownFileType = sourcecode.swift; path = UIPageViewControllerCalls.swift; sourceTree = "<group>"; };
		0AF379561A451FC7004606F6 /* TestableUIKit.framework */ = {isa = PBXFileReference; explicitFileType = wrapper.framework; includeInIndex = 0; path = TestableUIKit.framework; sourceTree = BUILT_PRODUCTS_DIR; };
		0AF3795A1A451FC7004606F6 /* Info.plist */ = {isa = PBXFileReference; lastKnownFileType = text.plist.xml; path = Info.plist; sourceTree = "<group>"; };
		0AF3795B1A451FC7004606F6 /* TestableUIKit.h */ = {isa = PBXFileReference; lastKnownFileType = sourcecode.c.h; path = TestableUIKit.h; sourceTree = "<group>"; };
		0AF379611A451FC7004606F6 /* TestableUIKitTests.xctest */ = {isa = PBXFileReference; explicitFileType = wrapper.cfbundle; includeInIndex = 0; path = TestableUIKitTests.xctest; sourceTree = BUILT_PRODUCTS_DIR; };
		0AF379671A451FC7004606F6 /* Info.plist */ = {isa = PBXFileReference; lastKnownFileType = text.plist.xml; path = Info.plist; sourceTree = "<group>"; };
		0AF379731A452054004606F6 /* UIViewControllerSuperCallsTests.swift */ = {isa = PBXFileReference; fileEncoding = 4; lastKnownFileType = sourcecode.swift; path = UIViewControllerSuperCallsTests.swift; sourceTree = "<group>"; };
		0AF379801A452579004606F6 /* TestableApplication.app */ = {isa = PBXFileReference; explicitFileType = wrapper.application; includeInIndex = 0; path = TestableApplication.app; sourceTree = BUILT_PRODUCTS_DIR; };
		0AF379831A452579004606F6 /* Info.plist */ = {isa = PBXFileReference; lastKnownFileType = text.plist.xml; path = Info.plist; sourceTree = "<group>"; };
		0AF379841A452579004606F6 /* AppDelegate.swift */ = {isa = PBXFileReference; lastKnownFileType = sourcecode.swift; path = AppDelegate.swift; sourceTree = "<group>"; };
		0AF379891A452579004606F6 /* Base */ = {isa = PBXFileReference; lastKnownFileType = file.storyboard; name = Base; path = Base.lproj/Main.storyboard; sourceTree = "<group>"; };
		0AF3798B1A452579004606F6 /* Images.xcassets */ = {isa = PBXFileReference; lastKnownFileType = folder.assetcatalog; path = Images.xcassets; sourceTree = "<group>"; };
		0AF3798E1A45257A004606F6 /* Base */ = {isa = PBXFileReference; lastKnownFileType = file.xib; name = Base; path = Base.lproj/LaunchScreen.xib; sourceTree = "<group>"; };
		0AF379C31A465D43004606F6 /* UIViewControllerCallsTests.swift */ = {isa = PBXFileReference; fileEncoding = 4; lastKnownFileType = sourcecode.swift; path = UIViewControllerCallsTests.swift; sourceTree = "<group>"; };
		674D998DDCADBBFF32497E14 /* Pods_TestableUIKitTests.framework */ = {isa = PBXFileReference; explicitFileType = wrapper.framework; includeInIndex = 0; path = Pods_TestableUIKitTests.framework; sourceTree = BUILT_PRODUCTS_DIR; };
		8CDB419DB044409FB33AAC88 /* Pods_TestableUIKit.framework */ = {isa = PBXFileReference; explicitFileType = wrapper.framework; includeInIndex = 0; path = Pods_TestableUIKit.framework; sourceTree = BUILT_PRODUCTS_DIR; };
		91CA8E0F345B5B1236B5BD1E /* Pods-TestableUIKitTests.release.xcconfig */ = {isa = PBXFileReference; includeInIndex = 1; lastKnownFileType = text.xcconfig; name = "Pods-TestableUIKitTests.release.xcconfig"; path = "Pods/Target Support Files/Pods-TestableUIKitTests/Pods-TestableUIKitTests.release.xcconfig"; sourceTree = "<group>"; };
		AF499D249B3AEF5D34A7F40A /* Pods-TestableUIKit.debug.xcconfig */ = {isa = PBXFileReference; includeInIndex = 1; lastKnownFileType = text.xcconfig; name = "Pods-TestableUIKit.debug.xcconfig"; path = "Pods/Target Support Files/Pods-TestableUIKit/Pods-TestableUIKit.debug.xcconfig"; sourceTree = "<group>"; };
		B886E8038E07099AA77E3C2D /* Pods-TestableUIKitTests.debug.xcconfig */ = {isa = PBXFileReference; includeInIndex = 1; lastKnownFileType = text.xcconfig; name = "Pods-TestableUIKitTests.debug.xcconfig"; path = "Pods/Target Support Files/Pods-TestableUIKitTests/Pods-TestableUIKitTests.debug.xcconfig"; sourceTree = "<group>"; };
		EBBDA40614CD34AD1858F89A /* Pods-TestableUIKit.release.xcconfig */ = {isa = PBXFileReference; includeInIndex = 1; lastKnownFileType = text.xcconfig; name = "Pods-TestableUIKit.release.xcconfig"; path = "Pods/Target Support Files/Pods-TestableUIKit/Pods-TestableUIKit.release.xcconfig"; sourceTree = "<group>"; };
/* End PBXFileReference section */

/* Begin PBXFrameworksBuildPhase section */
		0AE2CBE01DDC15B0001ABEE3 /* Frameworks */ = {
			isa = PBXFrameworksBuildPhase;
			buildActionMask = 2147483647;
			files = (
			);
			runOnlyForDeploymentPostprocessing = 0;
		};
		0AF379521A451FC7004606F6 /* Frameworks */ = {
			isa = PBXFrameworksBuildPhase;
			buildActionMask = 2147483647;
			files = (
				F55AC76AD021DE72B1042AF6 /* Pods_TestableUIKit.framework in Frameworks */,
			);
			runOnlyForDeploymentPostprocessing = 0;
		};
		0AF3795E1A451FC7004606F6 /* Frameworks */ = {
			isa = PBXFrameworksBuildPhase;
			buildActionMask = 2147483647;
			files = (
				A9A6D390852B780CE9B236EF /* Pods_TestableUIKitTests.framework in Frameworks */,
			);
			runOnlyForDeploymentPostprocessing = 0;
		};
		0AF3797D1A452579004606F6 /* Frameworks */ = {
			isa = PBXFrameworksBuildPhase;
			buildActionMask = 2147483647;
			files = (
			);
			runOnlyForDeploymentPostprocessing = 0;
		};
/* End PBXFrameworksBuildPhase section */

/* Begin PBXGroup section */
		0A363CFA1A4695F900DD9995 /* Tools */ = {
			isa = PBXGroup;
			children = (
				0AA16D001DE8F17C007E3F2E /* ComplexObjectAssociationKey.swift */,
				0A363CFB1A46961700DD9995 /* MethodCallForwarding.swift */,
				0A312C891DE3F33B007A2B76 /* Spy.swift */,
			);
			path = Tools;
			sourceTree = "<group>";
		};
		0ABD48BC1DE03EC7005DD470 /* Tools */ = {
			isa = PBXGroup;
			children = (
				0ABD48C61DE120F5005DD470 /* ApplicationHelpers.swift */,
				0ABD48BD1DE03EDF005DD470 /* CustomForwardingObject.swift */,
				0ABD48CA1DE15EEA005DD470 /* SpyTestCase.swift */,
			);
			path = Tools;
			sourceTree = "<group>";
		};
		0AD4E7181A4A06E30091747D /* UIWebView */ = {
			isa = PBXGroup;
			children = (
				0AA16CFA1DE66DF5007E3F2E /* UIWebViewEvidence.swift */,
				0AA16CFE1DE7C59A007E3F2E /* UIWebViewMethodAssociations.swift */,
				0AA16CFC1DE66E08007E3F2E /* UIWebViewSpy.swift */,
				0AA16D041DEA5A18007E3F2E /* UIWebViewSpyCaptureKeys.swift */,
			);
			path = UIWebView;
			sourceTree = "<group>";
		};
		0AD4E7221A4A116C0091747D /* UIWindow */ = {
			isa = PBXGroup;
			children = (
				0A589AF51DEA7442002CFD80 /* UIWindowEvidence.swift */,
				0A589AF71DEA744B002CFD80 /* UIWindowSpy.swift */,
			);
			path = UIWindow;
			sourceTree = "<group>";
		};
		0AD4E72B1A4A15B70091747D /* UINavigationBar */ = {
			isa = PBXGroup;
			children = (
				0AD4E72C1A4A15B70091747D /* UINavigationBar.swift */,
				0AD4E72D1A4A15B70091747D /* UINavigationBarCalls.swift */,
			);
			path = UINavigationBar;
			sourceTree = "<group>";
		};
		0AD4E7351A4A1B5E0091747D /* UIToolbar */ = {
			isa = PBXGroup;
			children = (
				0AD4E7361A4A1B5E0091747D /* UIToolbarEvidence.swift */,
				0AD4E7371A4A1B5E0091747D /* UIToolbarSpy.swift */,
			);
			path = UIToolbar;
			sourceTree = "<group>";
		};
		0AE2CBE51DDC15B0001ABEE3 /* SampleTypes */ = {
			isa = PBXGroup;
			children = (
				0AE2CBE71DDC15B0001ABEE3 /* Info.plist */,
				0AE2CBE61DDC15B0001ABEE3 /* SampleTypes.h */,
				0AE2CBEC1DDC1632001ABEE3 /* View Controllers */,
				0AE2CBF11DDC1632001ABEE3 /* Views */,
			);
			path = SampleTypes;
			sourceTree = "<group>";
		};
		0AE2CBEC1DDC1632001ABEE3 /* View Controllers */ = {
			isa = PBXGroup;
			children = (
				0AE2CBED1DDC1632001ABEE3 /* BadViewController.swift */,
				0AE2CBEE1DDC1632001ABEE3 /* EmptyViewController.swift */,
				0AE2CBEF1DDC1632001ABEE3 /* GoodViewController.swift */,
				0AE2CBF01DDC1632001ABEE3 /* GoodViewControllerSubclass.swift */,
			);
			path = "View Controllers";
			sourceTree = "<group>";
		};
		0AE2CBF11DDC1632001ABEE3 /* Views */ = {
			isa = PBXGroup;
			children = (
				0AE2CBF21DDC1632001ABEE3 /* BadView.swift */,
				0AE2CBF31DDC1632001ABEE3 /* EmptyView.swift */,
				0AE2CBF41DDC1632001ABEE3 /* GoodView.swift */,
				0AE2CBF51DDC1632001ABEE3 /* GoodViewSubclass.swift */,
			);
			path = Views;
			sourceTree = "<group>";
		};
		0AF08E581A49F1BD00FF48D7 /* UIResponder */ = {
			isa = PBXGroup;
			children = (
				0A312C8E1DE41A3B007A2B76 /* UIResponderEvidence.swift */,
				0AF08E5A1A49F1BD00FF48D7 /* UIResponderSpy.swift */,
				0AF08E5B1A49F1BD00FF48D7 /* UIView */,
			);
			path = UIResponder;
			sourceTree = "<group>";
		};
		0AF08E5B1A49F1BD00FF48D7 /* UIView */ = {
			isa = PBXGroup;
			children = (
				0AF08E5C1A49F1BD00FF48D7 /* UICollectionView */,
				0AD4E72B1A4A15B70091747D /* UINavigationBar */,
				0AF08E5F1A49F1BD00FF48D7 /* UITableView */,
				0AD4E7351A4A1B5E0091747D /* UIToolbar */,
				0AF08E621A49F1BD00FF48D7 /* UIViewEvidence.swift */,
				0A312C8C1DE4197C007A2B76 /* UIViewSpy.swift */,
				0AD4E7181A4A06E30091747D /* UIWebView */,
				0AD4E7221A4A116C0091747D /* UIWindow */,
			);
			path = UIView;
			sourceTree = "<group>";
		};
		0AF08E5C1A49F1BD00FF48D7 /* UICollectionView */ = {
			isa = PBXGroup;
			children = (
				0AF08E5D1A49F1BD00FF48D7 /* UICollectionView.swift */,
				0AF08E5E1A49F1BD00FF48D7 /* UICollectionViewCalls.swift */,
			);
			path = UICollectionView;
			sourceTree = "<group>";
		};
		0AF08E5F1A49F1BD00FF48D7 /* UITableView */ = {
			isa = PBXGroup;
			children = (
				0AF08E601A49F1BD00FF48D7 /* UITableView.swift */,
				0AF08E611A49F1BD00FF48D7 /* UITableViewCalls.swift */,
			);
			path = UITableView;
			sourceTree = "<group>";
		};
		0AF08E651A49F1BD00FF48D7 /* UIViewController */ = {
			isa = PBXGroup;
			children = (
				0AF08E661A49F1BD00FF48D7 /* UINavigationController */,
				0AF08E911A49F47500FF48D7 /* UIPageViewController */,
				0AF08E691A49F1BD00FF48D7 /* UITabBarController */,
				0AF08E6C1A49F1BD00FF48D7 /* UIViewController.swift */,
				0AF08E6D1A49F1BD00FF48D7 /* UIViewControllerCalls.swift */,
				0AF08E6E1A49F1BD00FF48D7 /* UIViewControllerSuperCalls.swift */,
			);
			path = UIViewController;
			sourceTree = "<group>";
		};
		0AF08E661A49F1BD00FF48D7 /* UINavigationController */ = {
			isa = PBXGroup;
			children = (
				0AF08E671A49F1BD00FF48D7 /* UINavigationController.swift */,
				0AF08E681A49F1BD00FF48D7 /* UINavigationControllerCalls.swift */,
			);
			path = UINavigationController;
			sourceTree = "<group>";
		};
		0AF08E691A49F1BD00FF48D7 /* UITabBarController */ = {
			isa = PBXGroup;
			children = (
				0AF08E6A1A49F1BD00FF48D7 /* UITabBarController.swift */,
				0AF08E6B1A49F1BD00FF48D7 /* UITabBarControllerCalls.swift */,
			);
			path = UITabBarController;
			sourceTree = "<group>";
		};
		0AF08E911A49F47500FF48D7 /* UIPageViewController */ = {
			isa = PBXGroup;
			children = (
				0AF08E921A49F47500FF48D7 /* UIPageViewController.swift */,
				0AF08E931A49F47500FF48D7 /* UIPageViewControllerCalls.swift */,
			);
			path = UIPageViewController;
			sourceTree = "<group>";
		};
		0AF3794C1A451FC7004606F6 = {
			isa = PBXGroup;
			children = (
				0AF379581A451FC7004606F6 /* TestableUIKit */,
				0AF379651A451FC7004606F6 /* TestableUIKitTests */,
				0AF379811A452579004606F6 /* TestableApplication */,
				0AE2CBE51DDC15B0001ABEE3 /* SampleTypes */,
				0AF379571A451FC7004606F6 /* Products */,
				B256A9346A4590B2EDFD2B70 /* Pods */,
				80FA2508D698C96E23A77D41 /* Frameworks */,
			);
			sourceTree = "<group>";
		};
		0AF379571A451FC7004606F6 /* Products */ = {
			isa = PBXGroup;
			children = (
				0AF379561A451FC7004606F6 /* TestableUIKit.framework */,
				0AF379611A451FC7004606F6 /* TestableUIKitTests.xctest */,
				0AF379801A452579004606F6 /* TestableApplication.app */,
				0AE2CBE41DDC15B0001ABEE3 /* SampleTypes.framework */,
			);
			name = Products;
			sourceTree = "<group>";
		};
		0AF379581A451FC7004606F6 /* TestableUIKit */ = {
			isa = PBXGroup;
			children = (
				0AF08E581A49F1BD00FF48D7 /* UIResponder */,
				0AF08E651A49F1BD00FF48D7 /* UIViewController */,
				0AF379591A451FC7004606F6 /* Supporting Files */,
				0AF3795B1A451FC7004606F6 /* TestableUIKit.h */,
				0A363CFA1A4695F900DD9995 /* Tools */,
			);
			path = TestableUIKit;
			sourceTree = "<group>";
		};
		0AF379591A451FC7004606F6 /* Supporting Files */ = {
			isa = PBXGroup;
			children = (
				0AF3795A1A451FC7004606F6 /* Info.plist */,
			);
			name = "Supporting Files";
			sourceTree = "<group>";
		};
		0AF379651A451FC7004606F6 /* TestableUIKitTests */ = {
			isa = PBXGroup;
			children = (
				0AF379661A451FC7004606F6 /* Supporting Files */,
				0AF379721A452031004606F6 /* Tests */,
				0ABD48BC1DE03EC7005DD470 /* Tools */,
			);
			path = TestableUIKitTests;
			sourceTree = "<group>";
		};
		0AF379661A451FC7004606F6 /* Supporting Files */ = {
			isa = PBXGroup;
			children = (
				0AF379671A451FC7004606F6 /* Info.plist */,
			);
			name = "Supporting Files";
			sourceTree = "<group>";
		};
		0AF379721A452031004606F6 /* Tests */ = {
			isa = PBXGroup;
			children = (
				0AA16D021DE8F9CE007E3F2E /* DataFileAssociationsTests.swift */,
				0A6128AD1A476D4C00B69BBC /* MethodForwardingListTests.swift */,
				0A5E63F61A491CE400F3A0A4 /* UICollectionViewCallsTests.swift */,
				0AD4E7291A4A135B0091747D /* UINavigationBarCallsTests.swift */,
				0A459F1A1A494BA1005DDCFB /* UINavigationControllerCallsTests.swift */,
				0AF08E8F1A49F31100FF48D7 /* UIPageViewControllerCallsTests.swift */,
				0AF08E4C1A49E9BA00FF48D7 /* UIResponderSpyTests.swift */,
				0AF08E4F1A49EAFC00FF48D7 /* UITabBarControllerCallsTests.swift */,
				0A5E63E91A48F36D00F3A0A4 /* UITableViewCallsTests.swift */,
				0AD4E7321A4A1AC90091747D /* UIToolbarSpyTests.swift */,
				0AF379C31A465D43004606F6 /* UIViewControllerCallsTests.swift */,
				0AF379731A452054004606F6 /* UIViewControllerSuperCallsTests.swift */,
				0A363CF21A468CCE00DD9995 /* UIViewSpyTests.swift */,
				0AD4E7161A4A04950091747D /* UIWebViewSpyTests.swift */,
				0AD4E71F1A4A10290091747D /* UIWindowSpyTests.swift */,
			);
			path = Tests;
			sourceTree = "<group>";
		};
		0AF379811A452579004606F6 /* TestableApplication */ = {
			isa = PBXGroup;
			children = (
				0AF379841A452579004606F6 /* AppDelegate.swift */,
				0AF3798B1A452579004606F6 /* Images.xcassets */,
				0AF3798D1A452579004606F6 /* LaunchScreen.xib */,
				0AF379881A452579004606F6 /* Main.storyboard */,
				0AF379821A452579004606F6 /* Supporting Files */,
			);
			path = TestableApplication;
			sourceTree = "<group>";
		};
		0AF379821A452579004606F6 /* Supporting Files */ = {
			isa = PBXGroup;
			children = (
				0AF379831A452579004606F6 /* Info.plist */,
			);
			name = "Supporting Files";
			sourceTree = "<group>";
		};
		80FA2508D698C96E23A77D41 /* Frameworks */ = {
			isa = PBXGroup;
			children = (
				8CDB419DB044409FB33AAC88 /* Pods_TestableUIKit.framework */,
				674D998DDCADBBFF32497E14 /* Pods_TestableUIKitTests.framework */,
			);
			name = Frameworks;
			sourceTree = "<group>";
		};
		B256A9346A4590B2EDFD2B70 /* Pods */ = {
			isa = PBXGroup;
			children = (
				AF499D249B3AEF5D34A7F40A /* Pods-TestableUIKit.debug.xcconfig */,
				EBBDA40614CD34AD1858F89A /* Pods-TestableUIKit.release.xcconfig */,
				B886E8038E07099AA77E3C2D /* Pods-TestableUIKitTests.debug.xcconfig */,
				91CA8E0F345B5B1236B5BD1E /* Pods-TestableUIKitTests.release.xcconfig */,
			);
			name = Pods;
			sourceTree = "<group>";
		};
/* End PBXGroup section */

/* Begin PBXHeadersBuildPhase section */
		0AE2CBE11DDC15B0001ABEE3 /* Headers */ = {
			isa = PBXHeadersBuildPhase;
			buildActionMask = 2147483647;
			files = (
				0AE2CBE81DDC15B0001ABEE3 /* SampleTypes.h in Headers */,
			);
			runOnlyForDeploymentPostprocessing = 0;
		};
		0AF379531A451FC7004606F6 /* Headers */ = {
			isa = PBXHeadersBuildPhase;
			buildActionMask = 2147483647;
			files = (
				0AF3795C1A451FC7004606F6 /* TestableUIKit.h in Headers */,
			);
			runOnlyForDeploymentPostprocessing = 0;
		};
/* End PBXHeadersBuildPhase section */

/* Begin PBXNativeTarget section */
		0AE2CBE31DDC15B0001ABEE3 /* SampleTypes */ = {
			isa = PBXNativeTarget;
			buildConfigurationList = 0AE2CBE91DDC15B0001ABEE3 /* Build configuration list for PBXNativeTarget "SampleTypes" */;
			buildPhases = (
				0AE2CBDF1DDC15B0001ABEE3 /* Sources */,
				0AE2CBE01DDC15B0001ABEE3 /* Frameworks */,
				0AE2CBE11DDC15B0001ABEE3 /* Headers */,
				0AE2CBE21DDC15B0001ABEE3 /* Resources */,
			);
			buildRules = (
			);
			dependencies = (
			);
			name = SampleTypes;
			productName = SampleTypes;
			productReference = 0AE2CBE41DDC15B0001ABEE3 /* SampleTypes.framework */;
			productType = "com.apple.product-type.framework";
		};
		0AF379551A451FC7004606F6 /* TestableUIKit */ = {
			isa = PBXNativeTarget;
			buildConfigurationList = 0AF3796C1A451FC7004606F6 /* Build configuration list for PBXNativeTarget "TestableUIKit" */;
			buildPhases = (
				912D503757E0C063C2D3458C /* [CP] Check Pods Manifest.lock */,
				0AF379511A451FC7004606F6 /* Sources */,
				0AF379521A451FC7004606F6 /* Frameworks */,
				0AF379531A451FC7004606F6 /* Headers */,
				0AF379541A451FC7004606F6 /* Resources */,
				8612BD2EFB9EAAC0409482B8 /* [CP] Copy Pods Resources */,
			);
			buildRules = (
			);
			dependencies = (
			);
			name = TestableUIKit;
			productName = TestableUIKit;
			productReference = 0AF379561A451FC7004606F6 /* TestableUIKit.framework */;
			productType = "com.apple.product-type.framework";
		};
		0AF379601A451FC7004606F6 /* TestableUIKitTests */ = {
			isa = PBXNativeTarget;
			buildConfigurationList = 0AF3796F1A451FC7004606F6 /* Build configuration list for PBXNativeTarget "TestableUIKitTests" */;
			buildPhases = (
				5B4ABDA8E379D97323942EC9 /* [CP] Check Pods Manifest.lock */,
				0AF3795D1A451FC7004606F6 /* Sources */,
				0AF3795E1A451FC7004606F6 /* Frameworks */,
				0AF3795F1A451FC7004606F6 /* Resources */,
				DC98C81AEDD0FFA69DE7BA51 /* [CP] Embed Pods Frameworks */,
				90A206708EB0F2BBCDE3DE0A /* [CP] Copy Pods Resources */,
			);
			buildRules = (
			);
			dependencies = (
				0AE2CC001DDC16CB001ABEE3 /* PBXTargetDependency */,
				0AF379641A451FC7004606F6 /* PBXTargetDependency */,
				0AF379A51A45288D004606F6 /* PBXTargetDependency */,
			);
			name = TestableUIKitTests;
			productName = TestableUIKitTests;
			productReference = 0AF379611A451FC7004606F6 /* TestableUIKitTests.xctest */;
			productType = "com.apple.product-type.bundle.unit-test";
		};
		0AF3797F1A452579004606F6 /* TestableApplication */ = {
			isa = PBXNativeTarget;
			buildConfigurationList = 0AF3799C1A45257A004606F6 /* Build configuration list for PBXNativeTarget "TestableApplication" */;
			buildPhases = (
				0AF3797C1A452579004606F6 /* Sources */,
				0AF3797D1A452579004606F6 /* Frameworks */,
				0AF3797E1A452579004606F6 /* Resources */,
			);
			buildRules = (
			);
			dependencies = (
				0A9027E81DDC2F2100E5ED3A /* PBXTargetDependency */,
			);
			name = TestableApplication;
			productName = TestableApplication;
			productReference = 0AF379801A452579004606F6 /* TestableApplication.app */;
			productType = "com.apple.product-type.application";
		};
/* End PBXNativeTarget section */

/* Begin PBXProject section */
		0AF3794D1A451FC7004606F6 /* Project object */ = {
			isa = PBXProject;
			attributes = {
				LastUpgradeCheck = 0820;
				ORGANIZATIONNAME = "Swagger Soft";
				TargetAttributes = {
					0AE2CBE31DDC15B0001ABEE3 = {
						CreatedOnToolsVersion = 8.2;
						DevelopmentTeam = QW3T4F66DC;
						LastSwiftMigration = 0820;
						ProvisioningStyle = Automatic;
					};
					0AF379551A451FC7004606F6 = {
						CreatedOnToolsVersion = 6.2;
						LastSwiftMigration = 0820;
					};
					0AF379601A451FC7004606F6 = {
						CreatedOnToolsVersion = 6.2;
						DevelopmentTeam = QW3T4F66DC;
						LastSwiftMigration = 0820;
						TestTargetID = 0AF3797F1A452579004606F6;
					};
					0AF3797F1A452579004606F6 = {
						CreatedOnToolsVersion = 6.2;
						DevelopmentTeam = QW3T4F66DC;
						LastSwiftMigration = 0820;
					};
				};
			};
			buildConfigurationList = 0AF379501A451FC7004606F6 /* Build configuration list for PBXProject "TestableUIKit" */;
			compatibilityVersion = "Xcode 3.2";
			developmentRegion = English;
			hasScannedForEncodings = 0;
			knownRegions = (
				en,
				Base,
			);
			mainGroup = 0AF3794C1A451FC7004606F6;
			productRefGroup = 0AF379571A451FC7004606F6 /* Products */;
			projectDirPath = "";
			projectRoot = "";
			targets = (
				0AF379551A451FC7004606F6 /* TestableUIKit */,
				0AF379601A451FC7004606F6 /* TestableUIKitTests */,
				0AF3797F1A452579004606F6 /* TestableApplication */,
				0AE2CBE31DDC15B0001ABEE3 /* SampleTypes */,
			);
		};
/* End PBXProject section */

/* Begin PBXResourcesBuildPhase section */
		0AE2CBE21DDC15B0001ABEE3 /* Resources */ = {
			isa = PBXResourcesBuildPhase;
			buildActionMask = 2147483647;
			files = (
			);
			runOnlyForDeploymentPostprocessing = 0;
		};
		0AF379541A451FC7004606F6 /* Resources */ = {
			isa = PBXResourcesBuildPhase;
			buildActionMask = 2147483647;
			files = (
			);
			runOnlyForDeploymentPostprocessing = 0;
		};
		0AF3795F1A451FC7004606F6 /* Resources */ = {
			isa = PBXResourcesBuildPhase;
			buildActionMask = 2147483647;
			files = (
			);
			runOnlyForDeploymentPostprocessing = 0;
		};
		0AF3797E1A452579004606F6 /* Resources */ = {
			isa = PBXResourcesBuildPhase;
			buildActionMask = 2147483647;
			files = (
				0AF3798A1A452579004606F6 /* Main.storyboard in Resources */,
				0AF3798F1A45257A004606F6 /* LaunchScreen.xib in Resources */,
				0AF3798C1A452579004606F6 /* Images.xcassets in Resources */,
			);
			runOnlyForDeploymentPostprocessing = 0;
		};
/* End PBXResourcesBuildPhase section */

/* Begin PBXShellScriptBuildPhase section */
		5B4ABDA8E379D97323942EC9 /* [CP] Check Pods Manifest.lock */ = {
			isa = PBXShellScriptBuildPhase;
			buildActionMask = 2147483647;
			files = (
			);
			inputPaths = (
			);
			name = "[CP] Check Pods Manifest.lock";
			outputPaths = (
			);
			runOnlyForDeploymentPostprocessing = 0;
			shellPath = /bin/sh;
			shellScript = "diff \"${PODS_ROOT}/../Podfile.lock\" \"${PODS_ROOT}/Manifest.lock\" > /dev/null\nif [ $? != 0 ] ; then\n    # print error to STDERR\n    echo \"error: The sandbox is not in sync with the Podfile.lock. Run 'pod install' or update your CocoaPods installation.\" >&2\n    exit 1\nfi\n";
			showEnvVarsInLog = 0;
		};
		8612BD2EFB9EAAC0409482B8 /* [CP] Copy Pods Resources */ = {
			isa = PBXShellScriptBuildPhase;
			buildActionMask = 2147483647;
			files = (
			);
			inputPaths = (
			);
			name = "[CP] Copy Pods Resources";
			outputPaths = (
			);
			runOnlyForDeploymentPostprocessing = 0;
			shellPath = /bin/sh;
			shellScript = "\"${SRCROOT}/Pods/Target Support Files/Pods-TestableUIKit/Pods-TestableUIKit-resources.sh\"\n";
			showEnvVarsInLog = 0;
		};
		90A206708EB0F2BBCDE3DE0A /* [CP] Copy Pods Resources */ = {
			isa = PBXShellScriptBuildPhase;
			buildActionMask = 2147483647;
			files = (
			);
			inputPaths = (
			);
			name = "[CP] Copy Pods Resources";
			outputPaths = (
			);
			runOnlyForDeploymentPostprocessing = 0;
			shellPath = /bin/sh;
			shellScript = "\"${SRCROOT}/Pods/Target Support Files/Pods-TestableUIKitTests/Pods-TestableUIKitTests-resources.sh\"\n";
			showEnvVarsInLog = 0;
		};
		912D503757E0C063C2D3458C /* [CP] Check Pods Manifest.lock */ = {
			isa = PBXShellScriptBuildPhase;
			buildActionMask = 2147483647;
			files = (
			);
			inputPaths = (
			);
			name = "[CP] Check Pods Manifest.lock";
			outputPaths = (
			);
			runOnlyForDeploymentPostprocessing = 0;
			shellPath = /bin/sh;
			shellScript = "diff \"${PODS_ROOT}/../Podfile.lock\" \"${PODS_ROOT}/Manifest.lock\" > /dev/null\nif [ $? != 0 ] ; then\n    # print error to STDERR\n    echo \"error: The sandbox is not in sync with the Podfile.lock. Run 'pod install' or update your CocoaPods installation.\" >&2\n    exit 1\nfi\n";
			showEnvVarsInLog = 0;
		};
		DC98C81AEDD0FFA69DE7BA51 /* [CP] Embed Pods Frameworks */ = {
			isa = PBXShellScriptBuildPhase;
			buildActionMask = 2147483647;
			files = (
			);
			inputPaths = (
			);
			name = "[CP] Embed Pods Frameworks";
			outputPaths = (
			);
			runOnlyForDeploymentPostprocessing = 0;
			shellPath = /bin/sh;
			shellScript = "\"${SRCROOT}/Pods/Target Support Files/Pods-TestableUIKitTests/Pods-TestableUIKitTests-frameworks.sh\"\n";
			showEnvVarsInLog = 0;
		};
/* End PBXShellScriptBuildPhase section */

/* Begin PBXSourcesBuildPhase section */
		0AE2CBDF1DDC15B0001ABEE3 /* Sources */ = {
			isa = PBXSourcesBuildPhase;
			buildActionMask = 2147483647;
			files = (
				0AE2CBF71DDC1632001ABEE3 /* EmptyViewController.swift in Sources */,
				0AE2CBF81DDC1632001ABEE3 /* GoodViewController.swift in Sources */,
				0AE2CBFC1DDC1632001ABEE3 /* GoodView.swift in Sources */,
				0AE2CBFA1DDC1632001ABEE3 /* BadView.swift in Sources */,
				0AE2CBF91DDC1632001ABEE3 /* GoodViewControllerSubclass.swift in Sources */,
				0AE2CBFD1DDC1632001ABEE3 /* GoodViewSubclass.swift in Sources */,
				0AE2CBFB1DDC1632001ABEE3 /* EmptyView.swift in Sources */,
				0AE2CBF61DDC1632001ABEE3 /* BadViewController.swift in Sources */,
			);
			runOnlyForDeploymentPostprocessing = 0;
		};
		0AF379511A451FC7004606F6 /* Sources */ = {
			isa = PBXSourcesBuildPhase;
			buildActionMask = 2147483647;
			files = (
				0AF08E8B1A49F1BD00FF48D7 /* UIViewControllerCalls.swift in Sources */,
				0AD4E72E1A4A15B70091747D /* UINavigationBar.swift in Sources */,
				0AF08E8D1A49F1BD00FF48D7 /* UIViewControllerSuperCalls.swift in Sources */,
				0AF08E811A49F1BD00FF48D7 /* UINavigationController.swift in Sources */,
				0AF08E831A49F1BD00FF48D7 /* UINavigationControllerCalls.swift in Sources */,
				0AF08E751A49F1BD00FF48D7 /* UICollectionViewCalls.swift in Sources */,
				0AF08E851A49F1BD00FF48D7 /* UITabBarController.swift in Sources */,
				0AF08E731A49F1BD00FF48D7 /* UICollectionView.swift in Sources */,
				0AF08E771A49F1BD00FF48D7 /* UITableView.swift in Sources */,
				0AF08E941A49F47500FF48D7 /* UIPageViewController.swift in Sources */,
				0AF08E961A49F47500FF48D7 /* UIPageViewControllerCalls.swift in Sources */,
				0AD4E7301A4A15B70091747D /* UINavigationBarCalls.swift in Sources */,
				0AF08E871A49F1BD00FF48D7 /* UITabBarControllerCalls.swift in Sources */,
				0AF08E791A49F1BD00FF48D7 /* UITableViewCalls.swift in Sources */,
				0AF08E891A49F1BD00FF48D7 /* UIViewController.swift in Sources */,
				0AA16D051DEA5A18007E3F2E /* UIWebViewSpyCaptureKeys.swift in Sources */,
				0AA16CFF1DE7C59A007E3F2E /* UIWebViewMethodAssociations.swift in Sources */,
				0AA16CFD1DE66E08007E3F2E /* UIWebViewSpy.swift in Sources */,
				0ABD48C11DE11B2D005DD470 /* UIResponderSpy.swift in Sources */,
				0A312C901DE50B95007A2B76 /* UIViewEvidence.swift in Sources */,
				0A589AFB1DEA8D1F002CFD80 /* UIToolbarEvidence.swift in Sources */,
				0AA16CFB1DE66DF5007E3F2E /* UIWebViewEvidence.swift in Sources */,
				0A312C8D1DE4197C007A2B76 /* UIViewSpy.swift in Sources */,
				0A589AF61DEA7442002CFD80 /* UIWindowEvidence.swift in Sources */,
				0A363CFC1A46961700DD9995 /* MethodCallForwarding.swift in Sources */,
				0A312C8F1DE41A3B007A2B76 /* UIResponderEvidence.swift in Sources */,
				0A312C8A1DE3F33B007A2B76 /* Spy.swift in Sources */,
				0A589AF81DEA744B002CFD80 /* UIWindowSpy.swift in Sources */,
				0A589AFA1DEA8C74002CFD80 /* UIToolbarSpy.swift in Sources */,
				0AA16D011DE8F17C007E3F2E /* ComplexObjectAssociationKey.swift in Sources */,
			);
			runOnlyForDeploymentPostprocessing = 0;
		};
		0AF3795D1A451FC7004606F6 /* Sources */ = {
			isa = PBXSourcesBuildPhase;
			buildActionMask = 2147483647;
			files = (
				0A261ED81B5829700070EDFE /* UICollectionViewCallsTests.swift in Sources */,
				0A261ED91B5829700070EDFE /* UINavigationBarCallsTests.swift in Sources */,
				0A261EDA1B5829700070EDFE /* UINavigationControllerCallsTests.swift in Sources */,
				0A261EDB1B5829700070EDFE /* UIPageViewControllerCallsTests.swift in Sources */,
				0A261EDD1B5829700070EDFE /* UITabBarControllerCallsTests.swift in Sources */,
				0A261EDE1B5829700070EDFE /* UITableViewCallsTests.swift in Sources */,
				0A261EE11B5829700070EDFE /* UIViewControllerCallsTests.swift in Sources */,
				0A261EE21B5829700070EDFE /* UIViewControllerSuperCallsTests.swift in Sources */,
				0ABD48BE1DE03EDF005DD470 /* CustomForwardingObject.swift in Sources */,
				0A589AF91DEA84F6002CFD80 /* UIToolbarSpyTests.swift in Sources */,
				0A589AF41DEA73C0002CFD80 /* UIWindowSpyTests.swift in Sources */,
				0A261ED71B5829700070EDFE /* MethodForwardingListTests.swift in Sources */,
				0ABD48C71DE120F5005DD470 /* ApplicationHelpers.swift in Sources */,
				0AA16CF91DE66D82007E3F2E /* UIWebViewSpyTests.swift in Sources */,
				0ABD48BF1DE1170E005DD470 /* UIResponderSpyTests.swift in Sources */,
				0A312C8B1DE4184C007A2B76 /* UIViewSpyTests.swift in Sources */,
				0ABD48CB1DE15EEA005DD470 /* SpyTestCase.swift in Sources */,
				0AA16D031DE8F9CE007E3F2E /* DataFileAssociationsTests.swift in Sources */,
			);
			runOnlyForDeploymentPostprocessing = 0;
		};
		0AF3797C1A452579004606F6 /* Sources */ = {
			isa = PBXSourcesBuildPhase;
			buildActionMask = 2147483647;
			files = (
				0AF379851A452579004606F6 /* AppDelegate.swift in Sources */,
			);
			runOnlyForDeploymentPostprocessing = 0;
		};
/* End PBXSourcesBuildPhase section */

/* Begin PBXTargetDependency section */
		0A9027E81DDC2F2100E5ED3A /* PBXTargetDependency */ = {
			isa = PBXTargetDependency;
			target = 0AE2CBE31DDC15B0001ABEE3 /* SampleTypes */;
			targetProxy = 0A9027E71DDC2F2100E5ED3A /* PBXContainerItemProxy */;
		};
		0AE2CC001DDC16CB001ABEE3 /* PBXTargetDependency */ = {
			isa = PBXTargetDependency;
			target = 0AE2CBE31DDC15B0001ABEE3 /* SampleTypes */;
			targetProxy = 0AE2CBFF1DDC16CB001ABEE3 /* PBXContainerItemProxy */;
		};
		0AF379641A451FC7004606F6 /* PBXTargetDependency */ = {
			isa = PBXTargetDependency;
			target = 0AF379551A451FC7004606F6 /* TestableUIKit */;
			targetProxy = 0AF379631A451FC7004606F6 /* PBXContainerItemProxy */;
		};
		0AF379A51A45288D004606F6 /* PBXTargetDependency */ = {
			isa = PBXTargetDependency;
			target = 0AF3797F1A452579004606F6 /* TestableApplication */;
			targetProxy = 0AF379A41A45288D004606F6 /* PBXContainerItemProxy */;
		};
/* End PBXTargetDependency section */

/* Begin PBXVariantGroup section */
		0AF379881A452579004606F6 /* Main.storyboard */ = {
			isa = PBXVariantGroup;
			children = (
				0AF379891A452579004606F6 /* Base */,
			);
			name = Main.storyboard;
			sourceTree = "<group>";
		};
		0AF3798D1A452579004606F6 /* LaunchScreen.xib */ = {
			isa = PBXVariantGroup;
			children = (
				0AF3798E1A45257A004606F6 /* Base */,
			);
			name = LaunchScreen.xib;
			sourceTree = "<group>";
		};
/* End PBXVariantGroup section */

/* Begin XCBuildConfiguration section */
		0AE2CBEA1DDC15B0001ABEE3 /* Debug */ = {
			isa = XCBuildConfiguration;
			buildSettings = {
				CLANG_ANALYZER_NONNULL = YES;
				CLANG_WARN_DOCUMENTATION_COMMENTS = YES;
				CODE_SIGN_IDENTITY = "";
				DEBUG_INFORMATION_FORMAT = dwarf;
				DEFINES_MODULE = YES;
				DEVELOPMENT_TEAM = QW3T4F66DC;
				DYLIB_COMPATIBILITY_VERSION = 1;
				DYLIB_CURRENT_VERSION = 1;
				DYLIB_INSTALL_NAME_BASE = "@rpath";
				INFOPLIST_FILE = SampleTypes/Info.plist;
				INSTALL_PATH = "$(LOCAL_LIBRARY_DIR)/Frameworks";
				LD_RUNPATH_SEARCH_PATHS = "$(inherited) @executable_path/Frameworks @loader_path/Frameworks";
				PRODUCT_BUNDLE_IDENTIFIER = com.samodom.SampleTypes;
				PRODUCT_NAME = "$(TARGET_NAME)";
				SKIP_INSTALL = YES;
				SWIFT_ACTIVE_COMPILATION_CONDITIONS = DEBUG;
				SWIFT_VERSION = 3.0;
			};
			name = Debug;
		};
		0AE2CBEB1DDC15B0001ABEE3 /* Release */ = {
			isa = XCBuildConfiguration;
			buildSettings = {
				CLANG_ANALYZER_NONNULL = YES;
				CLANG_WARN_DOCUMENTATION_COMMENTS = YES;
				CODE_SIGN_IDENTITY = "";
				COPY_PHASE_STRIP = NO;
				DEBUG_INFORMATION_FORMAT = "dwarf-with-dsym";
				DEFINES_MODULE = YES;
				DEVELOPMENT_TEAM = QW3T4F66DC;
				DYLIB_COMPATIBILITY_VERSION = 1;
				DYLIB_CURRENT_VERSION = 1;
				DYLIB_INSTALL_NAME_BASE = "@rpath";
				INFOPLIST_FILE = SampleTypes/Info.plist;
				INSTALL_PATH = "$(LOCAL_LIBRARY_DIR)/Frameworks";
				LD_RUNPATH_SEARCH_PATHS = "$(inherited) @executable_path/Frameworks @loader_path/Frameworks";
				PRODUCT_BUNDLE_IDENTIFIER = com.samodom.SampleTypes;
				PRODUCT_NAME = "$(TARGET_NAME)";
				SKIP_INSTALL = YES;
				SWIFT_VERSION = 3.0;
			};
			name = Release;
		};
		0AF3796A1A451FC7004606F6 /* Debug */ = {
			isa = XCBuildConfiguration;
			buildSettings = {
				ALWAYS_SEARCH_USER_PATHS = NO;
				CLANG_CXX_LANGUAGE_STANDARD = "gnu++0x";
				CLANG_CXX_LIBRARY = "libc++";
				CLANG_ENABLE_MODULES = YES;
				CLANG_ENABLE_OBJC_ARC = YES;
				CLANG_WARN_BOOL_CONVERSION = YES;
				CLANG_WARN_CONSTANT_CONVERSION = YES;
				CLANG_WARN_DIRECT_OBJC_ISA_USAGE = YES_ERROR;
				CLANG_WARN_EMPTY_BODY = YES;
				CLANG_WARN_ENUM_CONVERSION = YES;
				CLANG_WARN_INFINITE_RECURSION = YES;
				CLANG_WARN_INT_CONVERSION = YES;
				CLANG_WARN_OBJC_ROOT_CLASS = YES_ERROR;
				CLANG_WARN_SUSPICIOUS_MOVE = YES;
				CLANG_WARN_UNREACHABLE_CODE = YES;
				CLANG_WARN__DUPLICATE_METHOD_MATCH = YES;
				"CODE_SIGN_IDENTITY[sdk=iphoneos*]" = "iPhone Developer";
				COPY_PHASE_STRIP = NO;
				CURRENT_PROJECT_VERSION = 1;
				ENABLE_STRICT_OBJC_MSGSEND = YES;
				ENABLE_TESTABILITY = YES;
				GCC_C_LANGUAGE_STANDARD = gnu99;
				GCC_DYNAMIC_NO_PIC = NO;
				GCC_NO_COMMON_BLOCKS = YES;
				GCC_OPTIMIZATION_LEVEL = 0;
				GCC_PREPROCESSOR_DEFINITIONS = (
					"DEBUG=1",
					"$(inherited)",
				);
				GCC_SYMBOLS_PRIVATE_EXTERN = NO;
				GCC_WARN_64_TO_32_BIT_CONVERSION = YES;
				GCC_WARN_ABOUT_RETURN_TYPE = YES_ERROR;
				GCC_WARN_UNDECLARED_SELECTOR = YES;
				GCC_WARN_UNINITIALIZED_AUTOS = YES_AGGRESSIVE;
				GCC_WARN_UNUSED_FUNCTION = YES;
				GCC_WARN_UNUSED_VARIABLE = YES;
				IPHONEOS_DEPLOYMENT_TARGET = 8.0;
				MTL_ENABLE_DEBUG_INFO = YES;
				ONLY_ACTIVE_ARCH = YES;
				SDKROOT = iphoneos;
				SWIFT_INSTALL_OBJC_HEADER = NO;
				SWIFT_OPTIMIZATION_LEVEL = "-Onone";
				TARGETED_DEVICE_FAMILY = "1,2";
				VERSIONING_SYSTEM = "apple-generic";
				VERSION_INFO_PREFIX = "";
			};
			name = Debug;
		};
		0AF3796B1A451FC7004606F6 /* Release */ = {
			isa = XCBuildConfiguration;
			buildSettings = {
				ALWAYS_SEARCH_USER_PATHS = NO;
				CLANG_CXX_LANGUAGE_STANDARD = "gnu++0x";
				CLANG_CXX_LIBRARY = "libc++";
				CLANG_ENABLE_MODULES = YES;
				CLANG_ENABLE_OBJC_ARC = YES;
				CLANG_WARN_BOOL_CONVERSION = YES;
				CLANG_WARN_CONSTANT_CONVERSION = YES;
				CLANG_WARN_DIRECT_OBJC_ISA_USAGE = YES_ERROR;
				CLANG_WARN_EMPTY_BODY = YES;
				CLANG_WARN_ENUM_CONVERSION = YES;
				CLANG_WARN_INFINITE_RECURSION = YES;
				CLANG_WARN_INT_CONVERSION = YES;
				CLANG_WARN_OBJC_ROOT_CLASS = YES_ERROR;
				CLANG_WARN_SUSPICIOUS_MOVE = YES;
				CLANG_WARN_UNREACHABLE_CODE = YES;
				CLANG_WARN__DUPLICATE_METHOD_MATCH = YES;
				"CODE_SIGN_IDENTITY[sdk=iphoneos*]" = "iPhone Developer";
				COPY_PHASE_STRIP = YES;
				CURRENT_PROJECT_VERSION = 1;
				ENABLE_NS_ASSERTIONS = NO;
				ENABLE_STRICT_OBJC_MSGSEND = YES;
				GCC_C_LANGUAGE_STANDARD = gnu99;
				GCC_NO_COMMON_BLOCKS = YES;
				GCC_WARN_64_TO_32_BIT_CONVERSION = YES;
				GCC_WARN_ABOUT_RETURN_TYPE = YES_ERROR;
				GCC_WARN_UNDECLARED_SELECTOR = YES;
				GCC_WARN_UNINITIALIZED_AUTOS = YES_AGGRESSIVE;
				GCC_WARN_UNUSED_FUNCTION = YES;
				GCC_WARN_UNUSED_VARIABLE = YES;
				IPHONEOS_DEPLOYMENT_TARGET = 8.0;
				MTL_ENABLE_DEBUG_INFO = NO;
				SDKROOT = iphoneos;
				SWIFT_INSTALL_OBJC_HEADER = NO;
				SWIFT_OPTIMIZATION_LEVEL = "-Owholemodule";
				TARGETED_DEVICE_FAMILY = "1,2";
				VALIDATE_PRODUCT = YES;
				VERSIONING_SYSTEM = "apple-generic";
				VERSION_INFO_PREFIX = "";
			};
			name = Release;
		};
		0AF3796D1A451FC7004606F6 /* Debug */ = {
			isa = XCBuildConfiguration;
			baseConfigurationReference = AF499D249B3AEF5D34A7F40A /* Pods-TestableUIKit.debug.xcconfig */;
			buildSettings = {
				"CODE_SIGN_IDENTITY[sdk=iphoneos*]" = "";
				DEFINES_MODULE = YES;
				DYLIB_COMPATIBILITY_VERSION = 1;
				DYLIB_CURRENT_VERSION = 1;
				DYLIB_INSTALL_NAME_BASE = "@rpath";
				INFOPLIST_FILE = TestableUIKit/Info.plist;
				INSTALL_PATH = "$(LOCAL_LIBRARY_DIR)/Frameworks";
				LD_RUNPATH_SEARCH_PATHS = "$(inherited) @executable_path/Frameworks @loader_path/Frameworks";
				PRODUCT_BUNDLE_IDENTIFIER = "com.samodom.$(PRODUCT_NAME:rfc1034identifier)";
				PRODUCT_NAME = "$(TARGET_NAME)";
				SKIP_INSTALL = YES;
				SWIFT_OPTIMIZATION_LEVEL = "-Onone";
				SWIFT_VERSION = 3.0;
			};
			name = Debug;
		};
		0AF3796E1A451FC7004606F6 /* Release */ = {
			isa = XCBuildConfiguration;
			baseConfigurationReference = EBBDA40614CD34AD1858F89A /* Pods-TestableUIKit.release.xcconfig */;
			buildSettings = {
				"CODE_SIGN_IDENTITY[sdk=iphoneos*]" = "";
				DEFINES_MODULE = YES;
				DYLIB_COMPATIBILITY_VERSION = 1;
				DYLIB_CURRENT_VERSION = 1;
				DYLIB_INSTALL_NAME_BASE = "@rpath";
				INFOPLIST_FILE = TestableUIKit/Info.plist;
				INSTALL_PATH = "$(LOCAL_LIBRARY_DIR)/Frameworks";
				LD_RUNPATH_SEARCH_PATHS = "$(inherited) @executable_path/Frameworks @loader_path/Frameworks";
				PRODUCT_BUNDLE_IDENTIFIER = "com.samodom.$(PRODUCT_NAME:rfc1034identifier)";
				PRODUCT_NAME = "$(TARGET_NAME)";
				SKIP_INSTALL = YES;
				SWIFT_VERSION = 3.0;
			};
			name = Release;
		};
		0AF379701A451FC7004606F6 /* Debug */ = {
			isa = XCBuildConfiguration;
			baseConfigurationReference = B886E8038E07099AA77E3C2D /* Pods-TestableUIKitTests.debug.xcconfig */;
			buildSettings = {
				ALWAYS_EMBED_SWIFT_STANDARD_LIBRARIES = YES;
				CLANG_ENABLE_MODULES = YES;
				DEVELOPMENT_TEAM = QW3T4F66DC;
				FRAMEWORK_SEARCH_PATHS = (
					"$(SDKROOT)/Developer/Library/Frameworks",
					"$(inherited)",
				);
				GCC_PREPROCESSOR_DEFINITIONS = (
					"DEBUG=1",
					"$(inherited)",
				);
				INFOPLIST_FILE = TestableUIKitTests/Info.plist;
				LD_RUNPATH_SEARCH_PATHS = "$(inherited) @executable_path/Frameworks @loader_path/Frameworks";
				PRODUCT_BUNDLE_IDENTIFIER = "com.samodom.$(PRODUCT_NAME:rfc1034identifier)";
				PRODUCT_NAME = "$(TARGET_NAME)";
				SWIFT_OPTIMIZATION_LEVEL = "-Onone";
				SWIFT_VERSION = 3.0;
				TEST_HOST = "$(BUILT_PRODUCTS_DIR)/TestableApplication.app/TestableApplication";
			};
			name = Debug;
		};
		0AF379711A451FC7004606F6 /* Release */ = {
			isa = XCBuildConfiguration;
			baseConfigurationReference = 91CA8E0F345B5B1236B5BD1E /* Pods-TestableUIKitTests.release.xcconfig */;
			buildSettings = {
				ALWAYS_EMBED_SWIFT_STANDARD_LIBRARIES = YES;
				CLANG_ENABLE_MODULES = YES;
				DEVELOPMENT_TEAM = QW3T4F66DC;
				FRAMEWORK_SEARCH_PATHS = (
					"$(SDKROOT)/Developer/Library/Frameworks",
					"$(inherited)",
				);
				INFOPLIST_FILE = TestableUIKitTests/Info.plist;
				LD_RUNPATH_SEARCH_PATHS = "$(inherited) @executable_path/Frameworks @loader_path/Frameworks";
				PRODUCT_BUNDLE_IDENTIFIER = "com.samodom.$(PRODUCT_NAME:rfc1034identifier)";
				PRODUCT_NAME = "$(TARGET_NAME)";
				SWIFT_VERSION = 3.0;
				TEST_HOST = "$(BUILT_PRODUCTS_DIR)/TestableApplication.app/TestableApplication";
			};
			name = Release;
		};
		0AF3799D1A45257A004606F6 /* Debug */ = {
			isa = XCBuildConfiguration;
			buildSettings = {
				ASSETCATALOG_COMPILER_APPICON_NAME = AppIcon;
				DEVELOPMENT_TEAM = QW3T4F66DC;
				GCC_PREPROCESSOR_DEFINITIONS = (
					"DEBUG=1",
					"$(inherited)",
				);
				INFOPLIST_FILE = TestableApplication/Info.plist;
				LD_RUNPATH_SEARCH_PATHS = "$(inherited) @executable_path/Frameworks";
				PRODUCT_BUNDLE_IDENTIFIER = "com.samodom.$(PRODUCT_NAME:rfc1034identifier)";
				PRODUCT_NAME = "$(TARGET_NAME)";
				SWIFT_VERSION = 3.0;
			};
			name = Debug;
		};
		0AF3799E1A45257A004606F6 /* Release */ = {
			isa = XCBuildConfiguration;
			buildSettings = {
				ASSETCATALOG_COMPILER_APPICON_NAME = AppIcon;
				DEVELOPMENT_TEAM = QW3T4F66DC;
				INFOPLIST_FILE = TestableApplication/Info.plist;
				LD_RUNPATH_SEARCH_PATHS = "$(inherited) @executable_path/Frameworks";
				PRODUCT_BUNDLE_IDENTIFIER = "com.samodom.$(PRODUCT_NAME:rfc1034identifier)";
				PRODUCT_NAME = "$(TARGET_NAME)";
				SWIFT_VERSION = 3.0;
			};
			name = Release;
		};
/* End XCBuildConfiguration section */

/* Begin XCConfigurationList section */
		0AE2CBE91DDC15B0001ABEE3 /* Build configuration list for PBXNativeTarget "SampleTypes" */ = {
			isa = XCConfigurationList;
			buildConfigurations = (
				0AE2CBEA1DDC15B0001ABEE3 /* Debug */,
				0AE2CBEB1DDC15B0001ABEE3 /* Release */,
			);
			defaultConfigurationIsVisible = 0;
			defaultConfigurationName = Release;
		};
		0AF379501A451FC7004606F6 /* Build configuration list for PBXProject "TestableUIKit" */ = {
			isa = XCConfigurationList;
			buildConfigurations = (
				0AF3796A1A451FC7004606F6 /* Debug */,
				0AF3796B1A451FC7004606F6 /* Release */,
			);
			defaultConfigurationIsVisible = 0;
			defaultConfigurationName = Release;
		};
		0AF3796C1A451FC7004606F6 /* Build configuration list for PBXNativeTarget "TestableUIKit" */ = {
			isa = XCConfigurationList;
			buildConfigurations = (
				0AF3796D1A451FC7004606F6 /* Debug */,
				0AF3796E1A451FC7004606F6 /* Release */,
			);
			defaultConfigurationIsVisible = 0;
			defaultConfigurationName = Release;
		};
		0AF3796F1A451FC7004606F6 /* Build configuration list for PBXNativeTarget "TestableUIKitTests" */ = {
			isa = XCConfigurationList;
			buildConfigurations = (
				0AF379701A451FC7004606F6 /* Debug */,
				0AF379711A451FC7004606F6 /* Release */,
			);
			defaultConfigurationIsVisible = 0;
			defaultConfigurationName = Release;
		};
		0AF3799C1A45257A004606F6 /* Build configuration list for PBXNativeTarget "TestableApplication" */ = {
			isa = XCConfigurationList;
			buildConfigurations = (
				0AF3799D1A45257A004606F6 /* Debug */,
				0AF3799E1A45257A004606F6 /* Release */,
			);
			defaultConfigurationIsVisible = 0;
			defaultConfigurationName = Release;
		};
/* End XCConfigurationList section */
	};
	rootObject = 0AF3794D1A451FC7004606F6 /* Project object */;
}
